{
  "name": "PROJETOS-CURSO-ANGULAR13",
  "lockfileVersion": 3,
  "requires": true,
  "packages": {
    "": {
      "dependencies": {
        "zone.js": "^0.8.5"
      }
    },
    "node_modules/zone.js": {
      "version": "0.8.5",
      "resolved": "https://registry.npmjs.org/zone.js/-/zone.js-0.8.5.tgz",
      "integrity": "sha512-UczIjxDT7VN/qVgrfOusthNl9Yd9ON6PjSAiJwgGhj8E8Rrce9xWA7gqCj20boghGW4OrJMc8d75BDHWhfw4Wg=="
    }
  }
}
